// !$*UTF8*$!
{
	archiveVersion = 1;
	classes = {
	};
	objectVersion = 46;
	objects = {

/* Begin PBXBuildFile section */
		200FD54F1CBBE3E000B982F1 /* AppDelegate.swift in Sources */ = {isa = PBXBuildFile; fileRef = 200FD54E1CBBE3E000B982F1 /* AppDelegate.swift */; };
		200FD5511CBBE3E000B982F1 /* MapViewController.swift in Sources */ = {isa = PBXBuildFile; fileRef = 200FD5501CBBE3E000B982F1 /* MapViewController.swift */; };
		200FD5541CBBE3E000B982F1 /* Main.storyboard in Resources */ = {isa = PBXBuildFile; fileRef = 200FD5521CBBE3E000B982F1 /* Main.storyboard */; };
		200FD5561CBBE3E000B982F1 /* Assets.xcassets in Resources */ = {isa = PBXBuildFile; fileRef = 200FD5551CBBE3E000B982F1 /* Assets.xcassets */; };
		200FD5591CBBE3E000B982F1 /* LaunchScreen.storyboard in Resources */ = {isa = PBXBuildFile; fileRef = 200FD5571CBBE3E000B982F1 /* LaunchScreen.storyboard */; };
		200FD5641CBBE3E000B982F1 /* VirtualTouristTests.swift in Sources */ = {isa = PBXBuildFile; fileRef = 200FD5631CBBE3E000B982F1 /* VirtualTouristTests.swift */; };
		200FD56F1CBBE3E000B982F1 /* VirtualTouristUITests.swift in Sources */ = {isa = PBXBuildFile; fileRef = 200FD56E1CBBE3E000B982F1 /* VirtualTouristUITests.swift */; };
		200FD57F1CBBFBDD00B982F1 /* CoreDataStackManager.swift in Sources */ = {isa = PBXBuildFile; fileRef = 200FD57E1CBBFBDD00B982F1 /* CoreDataStackManager.swift */; };
		200FD5811CBBFD2100B982F1 /* Pin.swift in Sources */ = {isa = PBXBuildFile; fileRef = 200FD5801CBBFD2100B982F1 /* Pin.swift */; };
		200FD5831CBC014700B982F1 /* PhotoAlbumViewController.swift in Sources */ = {isa = PBXBuildFile; fileRef = 200FD5821CBC014700B982F1 /* PhotoAlbumViewController.swift */; };
/* End PBXBuildFile section */

/* Begin PBXContainerItemProxy section */
		200FD5601CBBE3E000B982F1 /* PBXContainerItemProxy */ = {
			isa = PBXContainerItemProxy;
			containerPortal = 200FD5431CBBE3DF00B982F1 /* Project object */;
			proxyType = 1;
			remoteGlobalIDString = 200FD54A1CBBE3E000B982F1;
			remoteInfo = VirtualTourist;
		};
		200FD56B1CBBE3E000B982F1 /* PBXContainerItemProxy */ = {
			isa = PBXContainerItemProxy;
			containerPortal = 200FD5431CBBE3DF00B982F1 /* Project object */;
			proxyType = 1;
			remoteGlobalIDString = 200FD54A1CBBE3E000B982F1;
			remoteInfo = VirtualTourist;
		};
/* End PBXContainerItemProxy section */

/* Begin PBXFileReference section */
		200FD54B1CBBE3E000B982F1 /* VirtualTourist.app */ = {isa = PBXFileReference; explicitFileType = wrapper.application; includeInIndex = 0; path = VirtualTourist.app; sourceTree = BUILT_PRODUCTS_DIR; };
		200FD54E1CBBE3E000B982F1 /* AppDelegate.swift */ = {isa = PBXFileReference; lastKnownFileType = sourcecode.swift; path = AppDelegate.swift; sourceTree = "<group>"; };
		200FD5501CBBE3E000B982F1 /* MapViewController.swift */ = {isa = PBXFileReference; lastKnownFileType = sourcecode.swift; path = MapViewController.swift; sourceTree = "<group>"; };
		200FD5531CBBE3E000B982F1 /* Base */ = {isa = PBXFileReference; lastKnownFileType = file.storyboard; name = Base; path = Base.lproj/Main.storyboard; sourceTree = "<group>"; };
		200FD5551CBBE3E000B982F1 /* Assets.xcassets */ = {isa = PBXFileReference; lastKnownFileType = folder.assetcatalog; path = Assets.xcassets; sourceTree = "<group>"; };
		200FD5581CBBE3E000B982F1 /* Base */ = {isa = PBXFileReference; lastKnownFileType = file.storyboard; name = Base; path = Base.lproj/LaunchScreen.storyboard; sourceTree = "<group>"; };
		200FD55A1CBBE3E000B982F1 /* Info.plist */ = {isa = PBXFileReference; lastKnownFileType = text.plist.xml; path = Info.plist; sourceTree = "<group>"; };
		200FD55F1CBBE3E000B982F1 /* VirtualTouristTests.xctest */ = {isa = PBXFileReference; explicitFileType = wrapper.cfbundle; includeInIndex = 0; path = VirtualTouristTests.xctest; sourceTree = BUILT_PRODUCTS_DIR; };
		200FD5631CBBE3E000B982F1 /* VirtualTouristTests.swift */ = {isa = PBXFileReference; lastKnownFileType = sourcecode.swift; path = VirtualTouristTests.swift; sourceTree = "<group>"; };
		200FD5651CBBE3E000B982F1 /* Info.plist */ = {isa = PBXFileReference; lastKnownFileType = text.plist.xml; path = Info.plist; sourceTree = "<group>"; };
		200FD56A1CBBE3E000B982F1 /* VirtualTouristUITests.xctest */ = {isa = PBXFileReference; explicitFileType = wrapper.cfbundle; includeInIndex = 0; path = VirtualTouristUITests.xctest; sourceTree = BUILT_PRODUCTS_DIR; };
		200FD56E1CBBE3E000B982F1 /* VirtualTouristUITests.swift */ = {isa = PBXFileReference; lastKnownFileType = sourcecode.swift; path = VirtualTouristUITests.swift; sourceTree = "<group>"; };
		200FD5701CBBE3E000B982F1 /* Info.plist */ = {isa = PBXFileReference; lastKnownFileType = text.plist.xml; path = Info.plist; sourceTree = "<group>"; };
		200FD57E1CBBFBDD00B982F1 /* CoreDataStackManager.swift */ = {isa = PBXFileReference; fileEncoding = 4; lastKnownFileType = sourcecode.swift; path = CoreDataStackManager.swift; sourceTree = "<group>"; };
		200FD5801CBBFD2100B982F1 /* Pin.swift */ = {isa = PBXFileReference; fileEncoding = 4; lastKnownFileType = sourcecode.swift; path = Pin.swift; sourceTree = "<group>"; };
		200FD5821CBC014700B982F1 /* PhotoAlbumViewController.swift */ = {isa = PBXFileReference; fileEncoding = 4; lastKnownFileType = sourcecode.swift; path = PhotoAlbumViewController.swift; sourceTree = "<group>"; };
/* End PBXFileReference section */

/* Begin PBXFrameworksBuildPhase section */
		200FD5481CBBE3E000B982F1 /* Frameworks */ = {
			isa = PBXFrameworksBuildPhase;
			buildActionMask = 2147483647;
			files = (
			);
			runOnlyForDeploymentPostprocessing = 0;
		};
		200FD55C1CBBE3E000B982F1 /* Frameworks */ = {
			isa = PBXFrameworksBuildPhase;
			buildActionMask = 2147483647;
			files = (
			);
			runOnlyForDeploymentPostprocessing = 0;
		};
		200FD5671CBBE3E000B982F1 /* Frameworks */ = {
			isa = PBXFrameworksBuildPhase;
			buildActionMask = 2147483647;
			files = (
			);
			runOnlyForDeploymentPostprocessing = 0;
		};
/* End PBXFrameworksBuildPhase section */

/* Begin PBXGroup section */
		200FD5421CBBE3DF00B982F1 = {
			isa = PBXGroup;
			children = (
				200FD54D1CBBE3E000B982F1 /* VirtualTourist */,
				200FD5621CBBE3E000B982F1 /* VirtualTouristTests */,
				200FD56D1CBBE3E000B982F1 /* VirtualTouristUITests */,
				200FD54C1CBBE3E000B982F1 /* Products */,
			);
			sourceTree = "<group>";
		};
		200FD54C1CBBE3E000B982F1 /* Products */ = {
			isa = PBXGroup;
			children = (
				200FD54B1CBBE3E000B982F1 /* VirtualTourist.app */,
				200FD55F1CBBE3E000B982F1 /* VirtualTouristTests.xctest */,
				200FD56A1CBBE3E000B982F1 /* VirtualTouristUITests.xctest */,
			);
			name = Products;
			sourceTree = "<group>";
		};
		200FD54D1CBBE3E000B982F1 /* VirtualTourist */ = {
			isa = PBXGroup;
			children = (
				200FD5521CBBE3E000B982F1 /* Main.storyboard */,
				200FD57D1CBBE42E00B982F1 /* Modal */,
				200FD57C1CBBE41600B982F1 /* Controller */,
				200FD5551CBBE3E000B982F1 /* Assets.xcassets */,
				200FD5571CBBE3E000B982F1 /* LaunchScreen.storyboard */,
				200FD55A1CBBE3E000B982F1 /* Info.plist */,
				200FD57E1CBBFBDD00B982F1 /* CoreDataStackManager.swift */,
			);
			path = VirtualTourist;
			sourceTree = "<group>";
		};
		200FD5621CBBE3E000B982F1 /* VirtualTouristTests */ = {
			isa = PBXGroup;
			children = (
				200FD5631CBBE3E000B982F1 /* VirtualTouristTests.swift */,
				200FD5651CBBE3E000B982F1 /* Info.plist */,
			);
			path = VirtualTouristTests;
			sourceTree = "<group>";
		};
		200FD56D1CBBE3E000B982F1 /* VirtualTouristUITests */ = {
			isa = PBXGroup;
			children = (
				200FD56E1CBBE3E000B982F1 /* VirtualTouristUITests.swift */,
				200FD5701CBBE3E000B982F1 /* Info.plist */,
			);
			path = VirtualTouristUITests;
			sourceTree = "<group>";
		};
		200FD57C1CBBE41600B982F1 /* Controller */ = {
			isa = PBXGroup;
			children = (
				200FD5501CBBE3E000B982F1 /* MapViewController.swift */,
				200FD5821CBC014700B982F1 /* PhotoAlbumViewController.swift */,
			);
			name = Controller;
			sourceTree = "<group>";
		};
		200FD57D1CBBE42E00B982F1 /* Modal */ = {
			isa = PBXGroup;
			children = (
				200FD54E1CBBE3E000B982F1 /* AppDelegate.swift */,
				200FD5801CBBFD2100B982F1 /* Pin.swift */,
			);
			name = Modal;
			sourceTree = "<group>";
		};
/* End PBXGroup section */

/* Begin PBXNativeTarget section */
		200FD54A1CBBE3E000B982F1 /* VirtualTourist */ = {
			isa = PBXNativeTarget;
			buildConfigurationList = 200FD5731CBBE3E000B982F1 /* Build configuration list for PBXNativeTarget "VirtualTourist" */;
			buildPhases = (
				200FD5471CBBE3E000B982F1 /* Sources */,
				200FD5481CBBE3E000B982F1 /* Frameworks */,
				200FD5491CBBE3E000B982F1 /* Resources */,
			);
			buildRules = (
			);
			dependencies = (
			);
			name = VirtualTourist;
			productName = VirtualTourist;
			productReference = 200FD54B1CBBE3E000B982F1 /* VirtualTourist.app */;
			productType = "com.apple.product-type.application";
		};
		200FD55E1CBBE3E000B982F1 /* VirtualTouristTests */ = {
			isa = PBXNativeTarget;
			buildConfigurationList = 200FD5761CBBE3E000B982F1 /* Build configuration list for PBXNativeTarget "VirtualTouristTests" */;
			buildPhases = (
				200FD55B1CBBE3E000B982F1 /* Sources */,
				200FD55C1CBBE3E000B982F1 /* Frameworks */,
				200FD55D1CBBE3E000B982F1 /* Resources */,
			);
			buildRules = (
			);
			dependencies = (
				200FD5611CBBE3E000B982F1 /* PBXTargetDependency */,
			);
			name = VirtualTouristTests;
			productName = VirtualTouristTests;
			productReference = 200FD55F1CBBE3E000B982F1 /* VirtualTouristTests.xctest */;
			productType = "com.apple.product-type.bundle.unit-test";
		};
		200FD5691CBBE3E000B982F1 /* VirtualTouristUITests */ = {
			isa = PBXNativeTarget;
			buildConfigurationList = 200FD5791CBBE3E000B982F1 /* Build configuration list for PBXNativeTarget "VirtualTouristUITests" */;
			buildPhases = (
				200FD5661CBBE3E000B982F1 /* Sources */,
				200FD5671CBBE3E000B982F1 /* Frameworks */,
				200FD5681CBBE3E000B982F1 /* Resources */,
			);
			buildRules = (
			);
			dependencies = (
				200FD56C1CBBE3E000B982F1 /* PBXTargetDependency */,
			);
			name = VirtualTouristUITests;
			productName = VirtualTouristUITests;
			productReference = 200FD56A1CBBE3E000B982F1 /* VirtualTouristUITests.xctest */;
			productType = "com.apple.product-type.bundle.ui-testing";
		};
/* End PBXNativeTarget section */

/* Begin PBXProject section */
		200FD5431CBBE3DF00B982F1 /* Project object */ = {
			isa = PBXProject;
			attributes = {
				LastSwiftUpdateCheck = 0730;
				LastUpgradeCheck = 0730;
				ORGANIZATIONNAME = "Stu Almeleh";
				TargetAttributes = {
					200FD54A1CBBE3E000B982F1 = {
						CreatedOnToolsVersion = 7.3;
						DevelopmentTeam = 754VQGA8M8;
					};
					200FD55E1CBBE3E000B982F1 = {
						CreatedOnToolsVersion = 7.3;
						TestTargetID = 200FD54A1CBBE3E000B982F1;
					};
					200FD5691CBBE3E000B982F1 = {
						CreatedOnToolsVersion = 7.3;
						TestTargetID = 200FD54A1CBBE3E000B982F1;
					};
				};
			};
			buildConfigurationList = 200FD5461CBBE3DF00B982F1 /* Build configuration list for PBXProject "VirtualTourist" */;
			compatibilityVersion = "Xcode 3.2";
			developmentRegion = English;
			hasScannedForEncodings = 0;
			knownRegions = (
				en,
				Base,
			);
			mainGroup = 200FD5421CBBE3DF00B982F1;
			productRefGroup = 200FD54C1CBBE3E000B982F1 /* Products */;
			projectDirPath = "";
			projectRoot = "";
			targets = (
				200FD54A1CBBE3E000B982F1 /* VirtualTourist */,
				200FD55E1CBBE3E000B982F1 /* VirtualTouristTests */,
				200FD5691CBBE3E000B982F1 /* VirtualTouristUITests */,
			);
		};
/* End PBXProject section */

/* Begin PBXResourcesBuildPhase section */
		200FD5491CBBE3E000B982F1 /* Resources */ = {
			isa = PBXResourcesBuildPhase;
			buildActionMask = 2147483647;
			files = (
				200FD5591CBBE3E000B982F1 /* LaunchScreen.storyboard in Resources */,
				200FD5561CBBE3E000B982F1 /* Assets.xcassets in Resources */,
				200FD5541CBBE3E000B982F1 /* Main.storyboard in Resources */,
			);
			runOnlyForDeploymentPostprocessing = 0;
		};
		200FD55D1CBBE3E000B982F1 /* Resources */ = {
			isa = PBXResourcesBuildPhase;
			buildActionMask = 2147483647;
			files = (
			);
			runOnlyForDeploymentPostprocessing = 0;
		};
		200FD5681CBBE3E000B982F1 /* Resources */ = {
			isa = PBXResourcesBuildPhase;
			buildActionMask = 2147483647;
			files = (
			);
			runOnlyForDeploymentPostprocessing = 0;
		};
/* End PBXResourcesBuildPhase section */

/* Begin PBXSourcesBuildPhase section */
		200FD5471CBBE3E000B982F1 /* Sources */ = {
			isa = PBXSourcesBuildPhase;
			buildActionMask = 2147483647;
			files = (
				200FD5511CBBE3E000B982F1 /* MapViewController.swift in Sources */,
				200FD54F1CBBE3E000B982F1 /* AppDelegate.swift in Sources */,
				200FD57F1CBBFBDD00B982F1 /* CoreDataStackManager.swift in Sources */,
				200FD5831CBC014700B982F1 /* PhotoAlbumViewController.swift in Sources */,
				200FD5811CBBFD2100B982F1 /* Pin.swift in Sources */,
			);
			runOnlyForDeploymentPostprocessing = 0;
		};
		200FD55B1CBBE3E000B982F1 /* Sources */ = {
			isa = PBXSourcesBuildPhase;
			buildActionMask = 2147483647;
			files = (
				200FD5641CBBE3E000B982F1 /* VirtualTouristTests.swift in Sources */,
			);
			runOnlyForDeploymentPostprocessing = 0;
		};
		200FD5661CBBE3E000B982F1 /* Sources */ = {
			isa = PBXSourcesBuildPhase;
			buildActionMask = 2147483647;
			files = (
				200FD56F1CBBE3E000B982F1 /* VirtualTouristUITests.swift in Sources */,
			);
			runOnlyForDeploymentPostprocessing = 0;
		};
/* End PBXSourcesBuildPhase section */

/* Begin PBXTargetDependency section */
		200FD5611CBBE3E000B982F1 /* PBXTargetDependency */ = {
			isa = PBXTargetDependency;
			target = 200FD54A1CBBE3E000B982F1 /* VirtualTourist */;
			targetProxy = 200FD5601CBBE3E000B982F1 /* PBXContainerItemProxy */;
		};
		200FD56C1CBBE3E000B982F1 /* PBXTargetDependency */ = {
			isa = PBXTargetDependency;
			target = 200FD54A1CBBE3E000B982F1 /* VirtualTourist */;
			targetProxy = 200FD56B1CBBE3E000B982F1 /* PBXContainerItemProxy */;
		};
/* End PBXTargetDependency section */

/* Begin PBXVariantGroup section */
		200FD5521CBBE3E000B982F1 /* Main.storyboard */ = {
			isa = PBXVariantGroup;
			children = (
				200FD5531CBBE3E000B982F1 /* Base */,
			);
			name = Main.storyboard;
			sourceTree = "<group>";
		};
		200FD5571CBBE3E000B982F1 /* LaunchScreen.storyboard */ = {
			isa = PBXVariantGroup;
			children = (
				200FD5581CBBE3E000B982F1 /* Base */,
			);
			name = LaunchScreen.storyboard;
			sourceTree = "<group>";
		};
/* End PBXVariantGroup section */

/* Begin XCBuildConfiguration section */
		200FD5711CBBE3E000B982F1 /* Debug */ = {
			isa = XCBuildConfiguration;
			buildSettings = {
				ALWAYS_SEARCH_USER_PATHS = NO;
				CLANG_ANALYZER_NONNULL = YES;
				CLANG_CXX_LANGUAGE_STANDARD = "gnu++0x";
				CLANG_CXX_LIBRARY = "libc++";
				CLANG_ENABLE_MODULES = YES;
				CLANG_ENABLE_OBJC_ARC = YES;
				CLANG_WARN_BOOL_CONVERSION = YES;
				CLANG_WARN_CONSTANT_CONVERSION = YES;
				CLANG_WARN_DIRECT_OBJC_ISA_USAGE = YES_ERROR;
				CLANG_WARN_EMPTY_BODY = YES;
				CLANG_WARN_ENUM_CONVERSION = YES;
				CLANG_WARN_INT_CONVERSION = YES;
				CLANG_WARN_OBJC_ROOT_CLASS = YES_ERROR;
				CLANG_WARN_UNREACHABLE_CODE = YES;
				CLANG_WARN__DUPLICATE_METHOD_MATCH = YES;
				"CODE_SIGN_IDENTITY[sdk=iphoneos*]" = "iPhone Developer";
				COPY_PHASE_STRIP = NO;
				DEBUG_INFORMATION_FORMAT = dwarf;
				ENABLE_STRICT_OBJC_MSGSEND = YES;
				ENABLE_TESTABILITY = YES;
				GCC_C_LANGUAGE_STANDARD = gnu99;
				GCC_DYNAMIC_NO_PIC = NO;
				GCC_NO_COMMON_BLOCKS = YES;
				GCC_OPTIMIZATION_LEVEL = 0;
				GCC_PREPROCESSOR_DEFINITIONS = (
					"DEBUG=1",
					"$(inherited)",
				);
				GCC_WARN_64_TO_32_BIT_CONVERSION = YES;
				GCC_WARN_ABOUT_RETURN_TYPE = YES_ERROR;
				GCC_WARN_UNDECLARED_SELECTOR = YES;
				GCC_WARN_UNINITIALIZED_AUTOS = YES_AGGRESSIVE;
				GCC_WARN_UNUSED_FUNCTION = YES;
				GCC_WARN_UNUSED_VARIABLE = YES;
				IPHONEOS_DEPLOYMENT_TARGET = 9.3;
				MTL_ENABLE_DEBUG_INFO = YES;
				ONLY_ACTIVE_ARCH = YES;
				SDKROOT = iphoneos;
				SWIFT_OPTIMIZATION_LEVEL = "-Onone";
				TARGETED_DEVICE_FAMILY = "1,2";
			};
			name = Debug;
		};
		200FD5721CBBE3E000B982F1 /* Release */ = {
			isa = XCBuildConfiguration;
			buildSettings = {
				ALWAYS_SEARCH_USER_PATHS = NO;
				CLANG_ANALYZER_NONNULL = YES;
				CLANG_CXX_LANGUAGE_STANDARD = "gnu++0x";
				CLANG_CXX_LIBRARY = "libc++";
				CLANG_ENABLE_MODULES = YES;
				CLANG_ENABLE_OBJC_ARC = YES;
				CLANG_WARN_BOOL_CONVERSION = YES;
				CLANG_WARN_CONSTANT_CONVERSION = YES;
				CLANG_WARN_DIRECT_OBJC_ISA_USAGE = YES_ERROR;
				CLANG_WARN_EMPTY_BODY = YES;
				CLANG_WARN_ENUM_CONVERSION = YES;
				CLANG_WARN_INT_CONVERSION = YES;
				CLANG_WARN_OBJC_ROOT_CLASS = YES_ERROR;
				CLANG_WARN_UNREACHABLE_CODE = YES;
				CLANG_WARN__DUPLICATE_METHOD_MATCH = YES;
				"CODE_SIGN_IDENTITY[sdk=iphoneos*]" = "iPhone Developer";
				COPY_PHASE_STRIP = NO;
				DEBUG_INFORMATION_FORMAT = "dwarf-with-dsym";
				ENABLE_NS_ASSERTIONS = NO;
				ENABLE_STRICT_OBJC_MSGSEND = YES;
				GCC_C_LANGUAGE_STANDARD = gnu99;
				GCC_NO_COMMON_BLOCKS = YES;
				GCC_WARN_64_TO_32_BIT_CONVERSION = YES;
				GCC_WARN_ABOUT_RETURN_TYPE = YES_ERROR;
				GCC_WARN_UNDECLARED_SELECTOR = YES;
				GCC_WARN_UNINITIALIZED_AUTOS = YES_AGGRESSIVE;
				GCC_WARN_UNUSED_FUNCTION = YES;
				GCC_WARN_UNUSED_VARIABLE = YES;
				IPHONEOS_DEPLOYMENT_TARGET = 9.3;
				MTL_ENABLE_DEBUG_INFO = NO;
				SDKROOT = iphoneos;
				TARGETED_DEVICE_FAMILY = "1,2";
				VALIDATE_PRODUCT = YES;
			};
			name = Release;
		};
		200FD5741CBBE3E000B982F1 /* Debug */ = {
			isa = XCBuildConfiguration;
			buildSettings = {
				ASSETCATALOG_COMPILER_APPICON_NAME = AppIcon;
				CODE_SIGN_IDENTITY = "iPhone Developer";
				"CODE_SIGN_IDENTITY[sdk=iphoneos*]" = "iPhone Developer";
				INFOPLIST_FILE = VirtualTourist/Info.plist;
				LD_RUNPATH_SEARCH_PATHS = "$(inherited) @executable_path/Frameworks";
				PRODUCT_BUNDLE_IDENTIFIER = salmeleh.VirtualTourist;
				PRODUCT_NAME = "$(TARGET_NAME)";
				PROVISIONING_PROFILE = "";
			};
			name = Debug;
		};
		200FD5751CBBE3E000B982F1 /* Release */ = {
			isa = XCBuildConfiguration;
			buildSettings = {
				ASSETCATALOG_COMPILER_APPICON_NAME = AppIcon;
				CODE_SIGN_IDENTITY = "iPhone Developer";
				"CODE_SIGN_IDENTITY[sdk=iphoneos*]" = "iPhone Developer";
				INFOPLIST_FILE = VirtualTourist/Info.plist;
				LD_RUNPATH_SEARCH_PATHS = "$(inherited) @executable_path/Frameworks";
				PRODUCT_BUNDLE_IDENTIFIER = salmeleh.VirtualTourist;
				PRODUCT_NAME = "$(TARGET_NAME)";
				PROVISIONING_PROFILE = "";
			};
			name = Release;
		};
		200FD5771CBBE3E000B982F1 /* Debug */ = {
			isa = XCBuildConfiguration;
			buildSettings = {
				BUNDLE_LOADER = "$(TEST_HOST)";
				INFOPLIST_FILE = VirtualTouristTests/Info.plist;
				LD_RUNPATH_SEARCH_PATHS = "$(inherited) @executable_path/Frameworks @loader_path/Frameworks";
				PRODUCT_BUNDLE_IDENTIFIER = salmeleh.VirtualTouristTests;
				PRODUCT_NAME = "$(TARGET_NAME)";
				TEST_HOST = "$(BUILT_PRODUCTS_DIR)/VirtualTourist.app/VirtualTourist";
			};
			name = Debug;
		};
		200FD5781CBBE3E000B982F1 /* Release */ = {
			isa = XCBuildConfiguration;
			buildSettings = {
				BUNDLE_LOADER = "$(TEST_HOST)";
				INFOPLIST_FILE = VirtualTouristTests/Info.plist;
				LD_RUNPATH_SEARCH_PATHS = "$(inherited) @executable_path/Frameworks @loader_path/Frameworks";
				PRODUCT_BUNDLE_IDENTIFIER = salmeleh.VirtualTouristTests;
				PRODUCT_NAME = "$(TARGET_NAME)";
				TEST_HOST = "$(BUILT_PRODUCTS_DIR)/VirtualTourist.app/VirtualTourist";
			};
			name = Release;
		};
		200FD57A1CBBE3E000B982F1 /* Debug */ = {
			isa = XCBuildConfiguration;
			buildSettings = {
				INFOPLIST_FILE = VirtualTouristUITests/Info.plist;
				LD_RUNPATH_SEARCH_PATHS = "$(inherited) @executable_path/Frameworks @loader_path/Frameworks";
				PRODUCT_BUNDLE_IDENTIFIER = salmeleh.VirtualTouristUITests;
				PRODUCT_NAME = "$(TARGET_NAME)";
				TEST_TARGET_NAME = VirtualTourist;
			};
			name = Debug;
		};
		200FD57B1CBBE3E000B982F1 /* Release */ = {
			isa = XCBuildConfiguration;
			buildSettings = {
				INFOPLIST_FILE = VirtualTouristUITests/Info.plist;
				LD_RUNPATH_SEARCH_PATHS = "$(inherited) @executable_path/Frameworks @loader_path/Frameworks";
				PRODUCT_BUNDLE_IDENTIFIER = salmeleh.VirtualTouristUITests;
				PRODUCT_NAME = "$(TARGET_NAME)";
				TEST_TARGET_NAME = VirtualTourist;
			};
			name = Release;
		};
/* End XCBuildConfiguration section */

/* Begin XCConfigurationList section */
		200FD5461CBBE3DF00B982F1 /* Build configuration list for PBXProject "VirtualTourist" */ = {
			isa = XCConfigurationList;
			buildConfigurations = (
				200FD5711CBBE3E000B982F1 /* Debug */,
				200FD5721CBBE3E000B982F1 /* Release */,
			);
			defaultConfigurationIsVisible = 0;
			defaultConfigurationName = Release;
		};
		200FD5731CBBE3E000B982F1 /* Build configuration list for PBXNativeTarget "VirtualTourist" */ = {
			isa = XCConfigurationList;
			buildConfigurations = (
				200FD5741CBBE3E000B982F1 /* Debug */,
				200FD5751CBBE3E000B982F1 /* Release */,
			);
			defaultConfigurationIsVisible = 0;
		};
		200FD5761CBBE3E000B982F1 /* Build configuration list for PBXNativeTarget "VirtualTouristTests" */ = {
			isa = XCConfigurationList;
			buildConfigurations = (
				200FD5771CBBE3E000B982F1 /* Debug */,
				200FD5781CBBE3E000B982F1 /* Release */,
			);
			defaultConfigurationIsVisible = 0;
		};
		200FD5791CBBE3E000B982F1 /* Build configuration list for PBXNativeTarget "VirtualTouristUITests" */ = {
			isa = XCConfigurationList;
			buildConfigurations = (
				200FD57A1CBBE3E000B982F1 /* Debug */,
				200FD57B1CBBE3E000B982F1 /* Release */,
			);
			defaultConfigurationIsVisible = 0;
		};
/* End XCConfigurationList section */
	};
	rootObject = 200FD5431CBBE3DF00B982F1 /* Project object */;
}
